#MicroXplorer Configuration settings - do not modify
FREERTOS.FootprintOK=true
FREERTOS.INCLUDE_eTaskGetState=1
FREERTOS.INCLUDE_pcTaskGetTaskName=1
FREERTOS.INCLUDE_uxTaskGetStackHighWaterMark=1
FREERTOS.INCLUDE_xTaskGetCurrentTaskHandle=1
FREERTOS.INCLUDE_xTaskGetHandle=1
FREERTOS.IPParameters=Tasks01,FootprintOK,configMINIMAL_STACK_SIZE,configUSE_TRACE_FACILITY,configGENERATE_RUN_TIME_STATS,configUSE_STATS_FORMATTING_FUNCTIONS,configCHECK_FOR_STACK_OVERFLOW,INCLUDE_eTaskGetState,INCLUDE_uxTaskGetStackHighWaterMark,INCLUDE_pcTaskGetTaskName,INCLUDE_xTaskGetCurrentTaskHandle,INCLUDE_xTaskGetHandle,configRECORD_STACK_HIGH_ADDRESS,configUSE_DAEMON_TASK_STARTUP_HOOK,configUSE_MALLOC_FAILED_HOOK
FREERTOS.Tasks01=defaultTask,16,1700,StartDefaultTask,Default,NULL,Dynamic,NULL,NULL
FREERTOS.configCHECK_FOR_STACK_OVERFLOW=2
FREERTOS.configGENERATE_RUN_TIME_STATS=1
FREERTOS.configMINIMAL_STACK_SIZE=1024
FREERTOS.configRECORD_STACK_HIGH_ADDRESS=1
FREERTOS.configUSE_DAEMON_TASK_STARTUP_HOOK=1
FREERTOS.configUSE_MALLOC_FAILED_HOOK=1
FREERTOS.configUSE_STATS_FORMATTING_FUNCTIONS=1
FREERTOS.configUSE_TRACE_FACILITY=1
File.Version=6
KeepUserPlacement=false
Mcu.Family=STM32F4
Mcu.IP0=FREERTOS
Mcu.IP1=NVIC
Mcu.IP2=RCC
Mcu.IP3=SYS
Mcu.IP4=TIM4
Mcu.IP5=USB_HOST
Mcu.IP6=USB_OTG_FS
Mcu.IPNb=7
Mcu.Name=STM32F407V(E-G)Tx
Mcu.Package=LQFP100
Mcu.Pin0=PH0-OSC_IN
Mcu.Pin1=PH1-OSC_OUT
Mcu.Pin10=VP_FREERTOS_VS_CMSIS_V2
Mcu.Pin11=VP_SYS_VS_tim14
Mcu.Pin12=VP_TIM4_VS_ClockSourceINT
Mcu.Pin13=VP_TIM4_VS_no_output1
Mcu.Pin14=VP_USB_HOST_VS_USB_HOST_HID_FS
Mcu.Pin2=PC1
Mcu.Pin3=PA0-WKUP
Mcu.Pin4=PB1
Mcu.Pin5=PB2
Mcu.Pin6=PA11
Mcu.Pin7=PA12
Mcu.Pin8=PA13
Mcu.Pin9=PA14
Mcu.PinsNb=15
Mcu.ThirdPartyNb=0
Mcu.UserConstants=
Mcu.UserName=STM32F407VETx
MxCube.Version=5.2.0
MxDb.Version=DB.5.0.20
NVIC.BusFault_IRQn=true\:0\:0\:false\:false\:true\:false\:false\:false
NVIC.DebugMonitor_IRQn=true\:0\:0\:false\:false\:true\:false\:false\:false
NVIC.HardFault_IRQn=true\:0\:0\:false\:false\:true\:false\:false\:false
NVIC.MemoryManagement_IRQn=true\:0\:0\:false\:false\:true\:false\:false\:false
NVIC.NonMaskableInt_IRQn=true\:0\:0\:false\:false\:true\:false\:false\:false
NVIC.OTG_FS_IRQn=true\:5\:0\:false\:false\:true\:true\:true\:true
NVIC.PendSV_IRQn=true\:15\:0\:false\:false\:false\:true\:false\:false
NVIC.PriorityGroup=NVIC_PRIORITYGROUP_4
NVIC.SVCall_IRQn=true\:0\:0\:false\:false\:false\:false\:false\:false
NVIC.SysTick_IRQn=true\:15\:0\:false\:false\:false\:true\:false\:true
NVIC.TIM4_IRQn=true\:5\:0\:false\:false\:true\:true\:true\:true
NVIC.TIM8_TRG_COM_TIM14_IRQn=true\:0\:0\:false\:false\:true\:false\:false\:true
NVIC.TimeBase=TIM8_TRG_COM_TIM14_IRQn
NVIC.TimeBaseIP=TIM14
NVIC.UsageFault_IRQn=true\:0\:0\:false\:false\:true\:false\:false\:false
PA0-WKUP.GPIOParameters=GPIO_Label
PA0-WKUP.GPIO_Label=KEY2
PA0-WKUP.Locked=true
PA0-WKUP.Signal=GPIO_Output
PA11.Mode=Host_Only
PA11.Signal=USB_OTG_FS_DM
PA12.Mode=Host_Only
PA12.Signal=USB_OTG_FS_DP
PA13.Mode=Serial_Wire
PA13.Signal=SYS_JTMS-SWDIO
PA14.Mode=Serial_Wire
PA14.Signal=SYS_JTCK-SWCLK
PB1.GPIOParameters=GPIO_Label
PB1.GPIO_Label=TST2
PB1.Locked=true
PB1.Signal=GPIO_Output
PB2.GPIOParameters=GPIO_Label
PB2.GPIO_Label=TST1
PB2.Locked=true
PB2.Signal=GPIO_Output
PC1.GPIOParameters=GPIO_PuPd,GPIO_Label
PC1.GPIO_Label=KEY1
PC1.GPIO_PuPd=GPIO_PULLDOWN
PC1.Locked=true
PC1.Signal=GPIO_Input
PCC.Checker=false
PCC.Line=STM32F407/417
PCC.MCU=STM32F407V(E-G)Tx
PCC.PartNumber=STM32F407VETx
PCC.Seq0=0
PCC.Series=STM32F4
PCC.Temperature=25
PCC.Vdd=3.3
PH0-OSC_IN.Mode=HSE-External-Oscillator
PH0-OSC_IN.Signal=RCC_OSC_IN
PH1-OSC_OUT.Mode=HSE-External-Oscillator
PH1-OSC_OUT.Signal=RCC_OSC_OUT
PinOutPanel.RotationAngle=0
ProjectManager.AskForMigrate=true
ProjectManager.BackupPrevious=false
ProjectManager.CompilerOptimize=6
ProjectManager.ComputerToolchain=false
ProjectManager.CoupleFile=false
ProjectManager.CustomerFirmwarePackage=
ProjectManager.DefaultFWLocation=true
ProjectManager.DeletePrevious=true
ProjectManager.DeviceId=STM32F407VETx
ProjectManager.FirmwarePackage=STM32Cube FW_F4 V1.24.2
ProjectManager.FreePins=false
ProjectManager.HalAssertFull=true
ProjectManager.HeapSize=0x4000
ProjectManager.KeepUserCode=true
ProjectManager.LastFirmware=true
ProjectManager.LibraryCopy=1
ProjectManager.MainLocation=Src
ProjectManager.NoMain=false
ProjectManager.PreviousToolchain=TrueSTUDIO
ProjectManager.ProjectBuild=false
ProjectManager.ProjectFileName=STM32F407VET6 USB Host FreeRtos Atollic.ioc
ProjectManager.ProjectName=STM32F407VET6 USB Host FreeRtos Atollic
ProjectManager.StackSize=0x4000
ProjectManager.TargetToolchain=TrueSTUDIO
ProjectManager.ToolChainLocation=
ProjectManager.UnderRoot=true
ProjectManager.functionlistsort=1-MX_GPIO_Init-GPIO-false-HAL-true,2-SystemClock_Config-RCC-false-HAL-false,3-MX_TIM4_Init-TIM4-false-HAL-true,4-MX_USB_HOST_Init-USB_HOST-false-HAL-true
RCC.48MHZClocksFreq_Value=48000000
RCC.AHBFreq_Value=168000000
RCC.APB1CLKDivider=RCC_HCLK_DIV4
RCC.APB1Freq_Value=42000000
RCC.APB1TimFreq_Value=84000000
RCC.APB2CLKDivider=RCC_HCLK_DIV2
RCC.APB2Freq_Value=84000000
RCC.APB2TimFreq_Value=168000000
RCC.CortexFreq_Value=168000000
RCC.EthernetFreq_Value=168000000
RCC.FCLKCortexFreq_Value=168000000
RCC.FamilyName=M
RCC.HCLKFreq_Value=168000000
RCC.HSE_VALUE=8000000
RCC.HSI_VALUE=16000000
RCC.I2SClocksFreq_Value=192000000
RCC.IPParameters=48MHZClocksFreq_Value,AHBFreq_Value,APB1CLKDivider,APB1Freq_Value,APB1TimFreq_Value,APB2CLKDivider,APB2Freq_Value,APB2TimFreq_Value,CortexFreq_Value,EthernetFreq_Value,FCLKCortexFreq_Value,FamilyName,HCLKFreq_Value,HSE_VALUE,HSI_VALUE,I2SClocksFreq_Value,LSE_VALUE,LSI_VALUE,MCO2PinFreq_Value,PLLCLKFreq_Value,PLLM,PLLN,PLLQ,PLLQCLKFreq_Value,RTCFreq_Value,RTCHSEDivFreq_Value,SYSCLKFreq_VALUE,SYSCLKSource,VCOI2SOutputFreq_Value,VCOInputFreq_Value,VCOOutputFreq_Value,VcooutputI2S
RCC.LSE_VALUE=32768
RCC.LSI_VALUE=32000
RCC.MCO2PinFreq_Value=168000000
RCC.PLLCLKFreq_Value=168000000
RCC.PLLM=4
RCC.PLLN=168
RCC.PLLQ=7
RCC.PLLQCLKFreq_Value=48000000
RCC.RTCFreq_Value=32000
RCC.RTCHSEDivFreq_Value=4000000
RCC.SYSCLKFreq_VALUE=168000000
RCC.SYSCLKSource=RCC_SYSCLKSOURCE_PLLCLK
RCC.VCOI2SOutputFreq_Value=384000000
RCC.VCOInputFreq_Value=2000000
RCC.VCOOutputFreq_Value=336000000
RCC.VcooutputI2S=192000000
TIM4.Channel-Output\ Compare1\ No\ Output=TIM_CHANNEL_1
TIM4.IPParameters=Channel-Output Compare1 No Output,Prescaler,Period,Pulse-Output Compare1 No Output
TIM4.Period=100
TIM4.Prescaler=840
TIM4.Pulse-Output\ Compare1\ No\ Output=50
USB_HOST.BSP.number=1
USB_HOST.IPParameters=USBH_HandleTypeDef-HID_FS,VirtualModeFS,USBH_PROCESS_PRIO-HID_FS,USBH_DEBUG_LEVEL-HID_FS,USBH_MAX_DATA_BUFFER-HID_FS,USBH_MAX_SIZE_CONFIGURATION-HID_FS
USB_HOST.USBH_DEBUG_LEVEL-HID_FS=3
USB_HOST.USBH_HandleTypeDef-HID_FS=hUsbHostFS
USB_HOST.USBH_MAX_DATA_BUFFER-HID_FS=1024
USB_HOST.USBH_MAX_SIZE_CONFIGURATION-HID_FS=512
USB_HOST.USBH_PROCESS_PRIO-HID_FS=osPriorityNormal
USB_HOST.VirtualModeFS=Hid
USB_HOST0.BSP.STBoard=false
USB_HOST0.BSP.api=Unknown
USB_HOST0.BSP.component=
USB_HOST0.BSP.condition=
USB_HOST0.BSP.i2caddr=0
USB_HOST0.BSP.i2creg=
USB_HOST0.BSP.instance=PB1
USB_HOST0.BSP.ip=GPIO
USB_HOST0.BSP.mode=Output
USB_HOST0.BSP.name=Drive_VBUS_FS
USB_HOST0.BSP.semaphore=
USB_HOST0.BSP.solution=PB1
USB_OTG_FS.IPParameters=VirtualMode,phy_itface
USB_OTG_FS.VirtualMode=Host_Only
USB_OTG_FS.phy_itface=HCD_PHY_EMBEDDED
VP_FREERTOS_VS_CMSIS_V2.Mode=CMSIS_V2
VP_FREERTOS_VS_CMSIS_V2.Signal=FREERTOS_VS_CMSIS_V2
VP_SYS_VS_tim14.Mode=TIM14
VP_SYS_VS_tim14.Signal=SYS_VS_tim14
VP_TIM4_VS_ClockSourceINT.Mode=Internal
VP_TIM4_VS_ClockSourceINT.Signal=TIM4_VS_ClockSourceINT
VP_TIM4_VS_no_output1.Mode=Output Compare1 No Output
VP_TIM4_VS_no_output1.Signal=TIM4_VS_no_output1
VP_USB_HOST_VS_USB_HOST_HID_FS.Mode=HID_FS
VP_USB_HOST_VS_USB_HOST_HID_FS.Signal=USB_HOST_VS_USB_HOST_HID_FS
board=custom
